{
  "nodes": {
    "dothome": {
      "inputs": {
        "home-manager": [
          "home-manager"
        ],
        "nixpkgs": [
          "nixpkgs"
        ]
      },
      "locked": {
        "lastModified": 1772587816,
        "narHash": "sha256-SwuXXeNteFkfKVrtOClNr6LMz4UVThJeYd29s9SWba0=",
        "owner": "lsantos7654",
        "repo": "dothome",
        "rev": "abcac859de27c0696bbce991443eb098774934a2",
        "type": "github"
      },
      "original": {
        "owner": "lsantos7654",
        "repo": "dothome",
        "type": "github"
      }
    },
    "dothome-kde5": {
      "inputs": {
        "home-manager": [
          "home-manager-kde5"
        ],
        "nixpkgs": [
          "nixpkgs-kde5"
        ]
      },
      "locked": {
        "lastModified": 1772760684,
        "narHash": "sha256-xQ+reVvFUc8M5Ad2jhUHrHHzU0NVrFftGq95rmuM4Kg=",
        "owner": "lsantos7654",
        "repo": "dothome",
        "rev": "6354ce0768339e162f2d16bfbf2b8eccd42c0e9b",
        "type": "github"
      },
      "original": {
        "owner": "lsantos7654",
        "ref": "kde5",
        "repo": "dothome",
        "type": "github"
      }
    },
    "home-manager": {
      "inputs": {
        "nixpkgs": [
          "nixpkgs"
        ]
      },
      "locked": {
        "lastModified": 1772380461,
        "narHash": "sha256-O3ukj3Bb3V0Tiy/4LUfLlBpWypJ9P0JeUgsKl2nmZZY=",
        "owner": "nix-community",
        "repo": "home-manager",
        "rev": "f140aa04d7d14f8a50ab27f3691b5766b17ae961",
        "type": "github"
      },
      "original": {
        "owner": "nix-community",
        "repo": "home-manager",
        "type": "github"
      }
    },
    "home-manager-kde5": {
      "inputs": {
        "nixpkgs": [
          "nixpkgs-kde5"
        ]
      },
      "locked": {
        "lastModified": 1719827415,
        "narHash": "sha256-pvh+1hStXXAZf0sZ1xIJbWGx4u+OGBC1rVx6Wsw0fBw=",
        "owner": "nix-community",
        "repo": "home-manager",
        "rev": "f2e3c19867262dbe84fdfab42467fc8dd83a2005",
        "type": "github"
      },
      "original": {
        "owner": "nix-community",
        "ref": "release-23.11",
        "repo": "home-manager",
        "type": "github"
      }
    },
    "nixpkgs": {
      "locked": {
        "lastModified": 1772433332,
        "narHash": "sha256-izhTDFKsg6KeVBxJS9EblGeQ8y+O8eCa6RcW874vxEc=",
        "owner": "NixOS",
        "repo": "nixpkgs",
        "rev": "cf59864ef8aa2e178cccedbe2c178185b0365705",
        "type": "github"
      },
      "original": {
        "owner": "NixOS",
        "ref": "nixos-unstable",
        "repo": "nixpkgs",
        "type": "github"
      }
    },
    "nixpkgs-kde5": {
      "locked": {
        "lastModified": 1720535198,
        "narHash": "sha256-zwVvxrdIzralnSbcpghA92tWu2DV2lwv89xZc8MTrbg=",
        "owner": "NixOS",
        "repo": "nixpkgs",
        "rev": "205fd4226592cc83fd4c0885a3e4c9c400efabb5",
        "type": "github"
      },
      "original": {
        "owner": "NixOS",
        "repo": "nixpkgs",
        "rev": "205fd4226592cc83fd4c0885a3e4c9c400efabb5",
        "type": "github"
      }
    },
    "plasma-manager": {
      "inputs": {
        "home-manager": [
          "home-manager"
        ],
        "nixpkgs": [
          "nixpkgs"
        ]
      },
      "locked": {
        "lastModified": 1772361940,
        "narHash": "sha256-B1Cz+ydL1iaOnGlwOFld/C8lBECPtzhiy/pP93/CuyY=",
        "owner": "nix-community",
        "repo": "plasma-manager",
        "rev": "a4b33606111c9c5dcd10009042bb710307174f51",
        "type": "github"
      },
      "original": {
        "owner": "nix-community",
        "repo": "plasma-manager",
        "type": "github"
      }
    },
    "plasma-manager-kde5": {
      "inputs": {
        "home-manager": [
          "home-manager-kde5"
        ],
        "nixpkgs": [
          "nixpkgs-kde5"
        ]
      },
      "locked": {
        "lastModified": 1718294461,
        "narHash": "sha256-SVgRGZ/fsSZ4rRY6EW/s0dSkz5p4t1+n/nk6mjIKZXM=",
        "owner": "nix-community",
        "repo": "plasma-manager",
        "rev": "552888403867ba9cfd170c1e7edddabe54ef4342",
        "type": "github"
      },
      "original": {
        "owner": "nix-community",
        "ref": "plasma-5",
        "repo": "plasma-manager",
        "type": "github"
      }
    },
    "root": {
      "inputs": {
        "dothome": "dothome",
        "dothome-kde5": "dothome-kde5",
        "home-manager": "home-manager",
        "home-manager-kde5": "home-manager-kde5",
        "nixpkgs": "nixpkgs",
        "nixpkgs-kde5": "nixpkgs-kde5",
        "plasma-manager": "plasma-manager",
        "plasma-manager-kde5": "plasma-manager-kde5"
      }
    }
  },
  "root": "root",
  "version": 7
}
